{
  "pins" : [
    {
      "identity" : "keyboardshortcuts",
      "kind" : "remoteSourceControl",
      "location" : "https://github.com/sindresorhus/KeyboardShortcuts",
      "state" : {
        "revision" : "be789e0fac9ecced6978440b27f696e864f3057d",
        "version" : "1.8.0"
      }
    },
    {
      "identity" : "swift-dotenv",
      "kind" : "remoteSourceControl",
      "location" : "https://github.com/thebarndog/swift-dotenv",
      "state" : {
        "revision" : "d13062940a3cdb2b13efa22ecc83b07b21c2e8dc",
        "version" : "2.1.0"
      }
    }
  ],
  "version" : 2
}
